
Microsoft Visual Studio Solution File, Format Version 12.00
# Visual Studio 15
VisualStudioVersion = 15.0.28307.421
MinimumVisualStudioVersion = 10.0.40219.1
Project("{9A19103F-16F7-4668-BE54-9A1E7A4F7556}") = "XUnitTestProject1", "XUnitTestProject1\XUnitTestProject1.csproj", "{ED0E8237-9CAF-44A6-A9EB-252ED4F61EF1}"
EndProject
Project("{9A19103F-16F7-4668-BE54-9A1E7A4F7556}") = "LearningAspNetCoreIntegrationTesting", "LearningAspNetCoreIntegrationTesting\LearningAspNetCoreIntegrationTesting.csproj", "{66CE132C-36E8-4639-9962-470768E40510}"
EndProject
Global
	GlobalSection(SolutionConfigurationPlatforms) = preSolution
		Debug|Any CPU = Debug|Any CPU
		Release|Any CPU = Release|Any CPU
	EndGlobalSection
	GlobalSection(ProjectConfigurationPlatforms) = postSolution
		{ED0E8237-9CAF-44A6-A9EB-252ED4F61EF1}.Debug|Any CPU.ActiveCfg = Debug|Any CPU
		{ED0E8237-9CAF-44A6-A9EB-252ED4F61EF1}.Debug|Any CPU.Build.0 = Debug|Any CPU
		{ED0E8237-9CAF-44A6-A9EB-252ED4F61EF1}.Release|Any CPU.ActiveCfg = Release|Any CPU
		{ED0E8237-9CAF-44A6-A9EB-252ED4F61EF1}.Release|Any CPU.Build.0 = Release|Any CPU
		{66CE132C-36E8-4639-9962-470768E40510}.Debug|Any CPU.ActiveCfg = Debug|Any CPU
		{66CE132C-36E8-4639-9962-470768E40510}.Debug|Any CPU.Build.0 = Debug|Any CPU
		{66CE132C-36E8-4639-9962-470768E40510}.Release|Any CPU.ActiveCfg = Release|Any CPU
		{66CE132C-36E8-4639-9962-470768E40510}.Release|Any CPU.Build.0 = Release|Any CPU
	EndGlobalSection
	GlobalSection(SolutionProperties) = preSolution
		HideSolutionNode = FALSE
	EndGlobalSection
	GlobalSection(ExtensibilityGlobals) = postSolution
		SolutionGuid = {8B3A9127-0C2C-413D-A5FB-79E691012C57}
	EndGlobalSection
EndGlobal
